Microsoft Visual Studio Solution File, Format Version 12.00
# Visual Studio Version 17
VisualStudioVersion = 17.5.2.0
MinimumVisualStudioVersion = 10.0.40219.1
Project("{FAE04EC0-301F-11D3-BF4B-00C04F79EFBC}") = "SchoolAiChatbotBackend", "SchoolAiChatbotBackend.csproj", "{5D027A3B-EC8A-B1C0-D4B8-E47E4DB1F6BF}"
EndProject
Project("{FAE04EC0-301F-11D3-BF4B-00C04F79EFBC}") = "SchoolAiChatbotBackend.Tests", "Tests\SchoolAiChatbotBackend.Tests.csproj", "{B2773A95-E984-AD62-52DF-2E07206AD470}"
EndProject
Global
	GlobalSection(SolutionConfigurationPlatforms) = preSolution
		Debug|Any CPU = Debug|Any CPU
		Release|Any CPU = Release|Any CPU
	EndGlobalSection
	GlobalSection(ProjectConfigurationPlatforms) = postSolution
		{5D027A3B-EC8A-B1C0-D4B8-E47E4DB1F6BF}.Debug|Any CPU.ActiveCfg = Debug|Any CPU
		{5D027A3B-EC8A-B1C0-D4B8-E47E4DB1F6BF}.Debug|Any CPU.Build.0 = Debug|Any CPU
		{5D027A3B-EC8A-B1C0-D4B8-E47E4DB1F6BF}.Release|Any CPU.ActiveCfg = Release|Any CPU
		{5D027A3B-EC8A-B1C0-D4B8-E47E4DB1F6BF}.Release|Any CPU.Build.0 = Release|Any CPU
		{B2773A95-E984-AD62-52DF-2E07206AD470}.Debug|Any CPU.ActiveCfg = Debug|Any CPU
		{B2773A95-E984-AD62-52DF-2E07206AD470}.Debug|Any CPU.Build.0 = Debug|Any CPU
		{B2773A95-E984-AD62-52DF-2E07206AD470}.Release|Any CPU.ActiveCfg = Release|Any CPU
		{B2773A95-E984-AD62-52DF-2E07206AD470}.Release|Any CPU.Build.0 = Release|Any CPU
	EndGlobalSection
	GlobalSection(SolutionProperties) = preSolution
		HideSolutionNode = FALSE
	EndGlobalSection
	GlobalSection(ExtensibilityGlobals) = postSolution
		SolutionGuid = {FDFA3371-C427-45BD-997E-F1B0B04C3FF5}
	EndGlobalSection
EndGlobal
